
Microsoft Visual Studio Solution File, Format Version 12.00
# Visual Studio Version 16
VisualStudioVersion = 16.0.31205.134
MinimumVisualStudioVersion = 10.0.40219.1
Project("{2150E333-8FDC-42A3-9474-1A3956D46DE8}") = "src", "src", "{6C69C5A5-3464-4AE7-BD24-C57CA2DEA147}"
EndProject
Project("{2150E333-8FDC-42A3-9474-1A3956D46DE8}") = "test", "test", "{277C7EE0-3907-48E9-90A0-F80089E4DDEA}"
EndProject
Project("{9A19103F-16F7-4668-BE54-9A1E7A4F7556}") = "CustomerClassLibrary", "..\src\CustomerClassLibrary\CustomerClassLibrary\CustomerClassLibrary.csproj", "{CFDEBE50-FE9F-43CA-9274-313EC1FB50C6}"
EndProject
Project("{9A19103F-16F7-4668-BE54-9A1E7A4F7556}") = "CustomerClassLibrary.Test", "..\test\CustomerClassLibrary.Test\CustomerClassLibrary.Test.csproj", "{7A21C51B-0E62-4DF8-B0B1-797C359D82A2}"
EndProject
Project("{2150E333-8FDC-42A3-9474-1A3956D46DE8}") = "GitHub", "GitHub", "{DC425C48-A97D-4D36-A09B-E028D777F68D}"
	ProjectSection(SolutionItems) = preProject
		.gitignore = .gitignore
	EndProjectSection
EndProject
Global
	GlobalSection(SolutionConfigurationPlatforms) = preSolution
		Debug|Any CPU = Debug|Any CPU
		Release|Any CPU = Release|Any CPU
	EndGlobalSection
	GlobalSection(ProjectConfigurationPlatforms) = postSolution
		{CFDEBE50-FE9F-43CA-9274-313EC1FB50C6}.Debug|Any CPU.ActiveCfg = Debug|Any CPU
		{CFDEBE50-FE9F-43CA-9274-313EC1FB50C6}.Debug|Any CPU.Build.0 = Debug|Any CPU
		{CFDEBE50-FE9F-43CA-9274-313EC1FB50C6}.Release|Any CPU.ActiveCfg = Release|Any CPU
		{CFDEBE50-FE9F-43CA-9274-313EC1FB50C6}.Release|Any CPU.Build.0 = Release|Any CPU
		{7A21C51B-0E62-4DF8-B0B1-797C359D82A2}.Debug|Any CPU.ActiveCfg = Debug|Any CPU
		{7A21C51B-0E62-4DF8-B0B1-797C359D82A2}.Debug|Any CPU.Build.0 = Debug|Any CPU
		{7A21C51B-0E62-4DF8-B0B1-797C359D82A2}.Release|Any CPU.ActiveCfg = Release|Any CPU
		{7A21C51B-0E62-4DF8-B0B1-797C359D82A2}.Release|Any CPU.Build.0 = Release|Any CPU
	EndGlobalSection
	GlobalSection(SolutionProperties) = preSolution
		HideSolutionNode = FALSE
	EndGlobalSection
	GlobalSection(NestedProjects) = preSolution
		{CFDEBE50-FE9F-43CA-9274-313EC1FB50C6} = {6C69C5A5-3464-4AE7-BD24-C57CA2DEA147}
		{7A21C51B-0E62-4DF8-B0B1-797C359D82A2} = {277C7EE0-3907-48E9-90A0-F80089E4DDEA}
	EndGlobalSection
	GlobalSection(ExtensibilityGlobals) = postSolution
		SolutionGuid = {BF41A5CD-AD7C-4AD3-85C2-68EFC5839F5A}
	EndGlobalSection
EndGlobal
