
Microsoft Visual Studio Solution File, Format Version 12.00
# Visual Studio Version 16
VisualStudioVersion = 16.0.31205.134
MinimumVisualStudioVersion = 10.0.40219.1
Project("{9A19103F-16F7-4668-BE54-9A1E7A4F7556}") = "CustomerClassLibrary", "CustomerClassLibrary\CustomerClassLibrary.csproj", "{852FA54D-6C46-4992-8137-D19A7DB6E558}"
EndProject
Project("{2150E333-8FDC-42A3-9474-1A3956D46DE8}") = "src", "src", "{6C69C5A5-3464-4AE7-BD24-C57CA2DEA147}"
EndProject
Project("{2150E333-8FDC-42A3-9474-1A3956D46DE8}") = "test", "test", "{277C7EE0-3907-48E9-90A0-F80089E4DDEA}"
EndProject
Project("{FAE04EC0-301F-11D3-BF4B-00C04F79EFBC}") = "CustomerClassLibrary.Test", "..\..\test\CustomerClassLibrary.Test\CustomerClassLibrary.Test.csproj", "{BF86EC07-326C-4AB6-8DE5-92A36E88E671}"
EndProject
Global
	GlobalSection(SolutionConfigurationPlatforms) = preSolution
		Debug|Any CPU = Debug|Any CPU
		Release|Any CPU = Release|Any CPU
	EndGlobalSection
	GlobalSection(ProjectConfigurationPlatforms) = postSolution
		{852FA54D-6C46-4992-8137-D19A7DB6E558}.Debug|Any CPU.ActiveCfg = Debug|Any CPU
		{852FA54D-6C46-4992-8137-D19A7DB6E558}.Debug|Any CPU.Build.0 = Debug|Any CPU
		{852FA54D-6C46-4992-8137-D19A7DB6E558}.Release|Any CPU.ActiveCfg = Release|Any CPU
		{852FA54D-6C46-4992-8137-D19A7DB6E558}.Release|Any CPU.Build.0 = Release|Any CPU
		{BF86EC07-326C-4AB6-8DE5-92A36E88E671}.Debug|Any CPU.ActiveCfg = Debug|Any CPU
		{BF86EC07-326C-4AB6-8DE5-92A36E88E671}.Debug|Any CPU.Build.0 = Debug|Any CPU
		{BF86EC07-326C-4AB6-8DE5-92A36E88E671}.Release|Any CPU.ActiveCfg = Release|Any CPU
		{BF86EC07-326C-4AB6-8DE5-92A36E88E671}.Release|Any CPU.Build.0 = Release|Any CPU
	EndGlobalSection
	GlobalSection(SolutionProperties) = preSolution
		HideSolutionNode = FALSE
	EndGlobalSection
	GlobalSection(NestedProjects) = preSolution
		{BF86EC07-326C-4AB6-8DE5-92A36E88E671} = {277C7EE0-3907-48E9-90A0-F80089E4DDEA}
	EndGlobalSection
	GlobalSection(ExtensibilityGlobals) = postSolution
		SolutionGuid = {BF41A5CD-AD7C-4AD3-85C2-68EFC5839F5A}
	EndGlobalSection
EndGlobal
